
Microsoft Visual Studio Solution File, Format Version 12.00
# Visual Studio 2012
Project("{FAE04EC0-301F-11D3-BF4B-00C04F79EFBC}") = "EasyEqual", "EasyEqual.csproj", "{0983CE86-DE58-4CAB-96B9-56B2B4C33CE9}"
EndProject
Global
	GlobalSection(SolutionConfigurationPlatforms) = preSolution
		Debug|x86 = Debug|x86
		Release|x86 = Release|x86
	EndGlobalSection
	GlobalSection(ProjectConfigurationPlatforms) = postSolution
		{0983CE86-DE58-4CAB-96B9-56B2B4C33CE9}.Debug|x86.ActiveCfg = Debug|x86
		{0983CE86-DE58-4CAB-96B9-56B2B4C33CE9}.Debug|x86.Build.0 = Debug|x86
		{0983CE86-DE58-4CAB-96B9-56B2B4C33CE9}.Release|x86.ActiveCfg = Release|x86
		{0983CE86-DE58-4CAB-96B9-56B2B4C33CE9}.Release|x86.Build.0 = Release|x86
	EndGlobalSection
EndGlobal
